
Microsoft Visual Studio Solution File, Format Version 12.00
# Visual Studio Version 17
VisualStudioVersion = 17.11.35005.142
MinimumVisualStudioVersion = 10.0.40219.1
Project("{FAE04EC0-301F-11D3-BF4B-00C04F79EFBC}") = "BlazorApp9", "BlazorApp9\BlazorApp9.csproj", "{42FE4D0D-705C-46C7-8F30-482E6D78F417}"
EndProject
Global
	GlobalSection(SolutionConfigurationPlatforms) = preSolution
		Debug|Any CPU = Debug|Any CPU
		Release|Any CPU = Release|Any CPU
	EndGlobalSection
	GlobalSection(ProjectConfigurationPlatforms) = postSolution
		{42FE4D0D-705C-46C7-8F30-482E6D78F417}.Debug|Any CPU.ActiveCfg = Debug|Any CPU
		{42FE4D0D-705C-46C7-8F30-482E6D78F417}.Debug|Any CPU.Build.0 = Debug|Any CPU
		{42FE4D0D-705C-46C7-8F30-482E6D78F417}.Release|Any CPU.ActiveCfg = Release|Any CPU
		{42FE4D0D-705C-46C7-8F30-482E6D78F417}.Release|Any CPU.Build.0 = Release|Any CPU
	EndGlobalSection
	GlobalSection(SolutionProperties) = preSolution
		HideSolutionNode = FALSE
	EndGlobalSection
	GlobalSection(ExtensibilityGlobals) = postSolution
		SolutionGuid = {33FE911B-D3C7-4704-BAF2-FBF3B066A700}
	EndGlobalSection
EndGlobal
